
Microsoft Visual Studio Solution File, Format Version 12.00
# Visual Studio 15
VisualStudioVersion = 15.0.27323.2
MinimumVisualStudioVersion = 10.0.40219.1
Project("{9A19103F-16F7-4668-BE54-9A1E7A4F7556}") = "WorkflowState.Core", "src\WorkflowState.Core\WorkflowState.Core.csproj", "{A9A6401E-DA9C-49F1-845B-A9F6DC7B6409}"
EndProject
Project("{FAE04EC0-301F-11D3-BF4B-00C04F79EFBC}") = "WorkflowState.Tests", "src\WorkflowState.Tests\WorkflowState.Tests.csproj", "{A22D3D10-E5E8-44FB-AD31-3A89362027D1}"
EndProject
Project("{FAE04EC0-301F-11D3-BF4B-00C04F79EFBC}") = "WorkflowState.Samples", "src\WorkflowState.Samples\WorkflowState.Samples.csproj", "{B995C8F3-AD64-43F0-A13A-3B2787B7BAF3}"
	ProjectSection(ProjectDependencies) = postProject
		{A9A6401E-DA9C-49F1-845B-A9F6DC7B6409} = {A9A6401E-DA9C-49F1-845B-A9F6DC7B6409}
	EndProjectSection
EndProject
Global
	GlobalSection(SolutionConfigurationPlatforms) = preSolution
		Debug|Any CPU = Debug|Any CPU
		Release|Any CPU = Release|Any CPU
	EndGlobalSection
	GlobalSection(ProjectConfigurationPlatforms) = postSolution
		{A9A6401E-DA9C-49F1-845B-A9F6DC7B6409}.Debug|Any CPU.ActiveCfg = Debug|Any CPU
		{A9A6401E-DA9C-49F1-845B-A9F6DC7B6409}.Debug|Any CPU.Build.0 = Debug|Any CPU
		{A9A6401E-DA9C-49F1-845B-A9F6DC7B6409}.Release|Any CPU.ActiveCfg = Release|Any CPU
		{A9A6401E-DA9C-49F1-845B-A9F6DC7B6409}.Release|Any CPU.Build.0 = Release|Any CPU
		{A22D3D10-E5E8-44FB-AD31-3A89362027D1}.Debug|Any CPU.ActiveCfg = Debug|Any CPU
		{A22D3D10-E5E8-44FB-AD31-3A89362027D1}.Debug|Any CPU.Build.0 = Debug|Any CPU
		{A22D3D10-E5E8-44FB-AD31-3A89362027D1}.Release|Any CPU.ActiveCfg = Release|Any CPU
		{A22D3D10-E5E8-44FB-AD31-3A89362027D1}.Release|Any CPU.Build.0 = Release|Any CPU
		{B995C8F3-AD64-43F0-A13A-3B2787B7BAF3}.Debug|Any CPU.ActiveCfg = Debug|Any CPU
		{B995C8F3-AD64-43F0-A13A-3B2787B7BAF3}.Debug|Any CPU.Build.0 = Debug|Any CPU
		{B995C8F3-AD64-43F0-A13A-3B2787B7BAF3}.Release|Any CPU.ActiveCfg = Release|Any CPU
		{B995C8F3-AD64-43F0-A13A-3B2787B7BAF3}.Release|Any CPU.Build.0 = Release|Any CPU
	EndGlobalSection
	GlobalSection(SolutionProperties) = preSolution
		HideSolutionNode = FALSE
	EndGlobalSection
	GlobalSection(ExtensibilityGlobals) = postSolution
		SolutionGuid = {95A12693-F49F-4809-A236-B45F13912293}
	EndGlobalSection
EndGlobal
